{
    "_readme": [
        "This file locks the dependencies of your project to a known state",
        "Read more about it at https://getcomposer.org/doc/01-basic-usage.md#composer-lock-the-lock-file",
        "This file is @generated automatically"
    ],
    "content-hash": "5f7f83f8cd90add8758fd1dd9db44a3e",
    "packages": [
        {
            "name": "anoblet/library",
            "version": "dev-master",
            "source": {
                "type": "git",
                "url": "https://github.com/anoblet/library.git",
                "reference": "d7c5a44108866ed16e96013a175d292bcabea764"
            },
            "dist": {
                "type": "zip",
                "url": "https://api.github.com/repos/anoblet/library/zipball/d7c5a44108866ed16e96013a175d292bcabea764",
                "reference": "d7c5a44108866ed16e96013a175d292bcabea764",
                "shasum": ""
            },
            "type": "library",
            "autoload": {
                "classmap": [
                    "/"
                ]
            },
            "authors": [
                {
                    "name": "andrewbnoblet",
                    "email": "andrewbnoblet@gmail.com"
                }
            ],
            "support": {
                "source": "https://github.com/anoblet/library/tree/master",
                "issues": "https://github.com/anoblet/library/issues"
            },
            "time": "2017-10-11T17:46:57+00:00"
        }
    ],
    "packages-dev": [],
    "aliases": [],
    "minimum-stability": "stable",
    "stability-flags": {
        "anoblet/library": 20
    },
    "prefer-stable": false,
    "prefer-lowest": false,
    "platform": [],
    "platform-dev": []
}
