{
    "_readme": [
        "This file locks the dependencies of your project to a known state",
        "Read more about it at https://getcomposer.org/doc/01-basic-usage.md#composer-lock-the-lock-file",
        "This file is @generated automatically"
    ],
    "content-hash": "46bbc997368b9c45c6ef303a0a487148",
    "packages": [
        {
            "name": "andy/library",
            "version": "dev-master",
            "source": {
                "type": "git",
                "url": "https://github.com/anoblet/library.git",
                "reference": "58080056735a335ca9fcc938260b51e35a74b987"
            },
            "dist": {
                "type": "zip",
                "url": "https://api.github.com/repos/anoblet/library/zipball/58080056735a335ca9fcc938260b51e35a74b987",
                "reference": "58080056735a335ca9fcc938260b51e35a74b987",
                "shasum": ""
            },
            "type": "library",
            "autoload": {
                "classmap": [
                    "src/"
                ]
            },
            "authors": [
                {
                    "name": "andrewbnoblet",
                    "email": "andrewbnoblet@gmail.com"
                }
            ],
            "support": {
                "source": "https://github.com/anoblet/library/tree/master",
                "issues": "https://github.com/anoblet/library/issues"
            },
            "time": "2017-09-30T03:47:42+00:00"
        }
    ],
    "packages-dev": [],
    "aliases": [],
    "minimum-stability": "stable",
    "stability-flags": {
        "andy/library": 20
    },
    "prefer-stable": false,
    "prefer-lowest": false,
    "platform": [],
    "platform-dev": []
}
